
Microsoft Visual Studio Solution File, Format Version 12.00
# Visual Studio Version 17
VisualStudioVersion = 17.7.34018.315
MinimumVisualStudioVersion = 10.0.40219.1
Project("{FAE04EC0-301F-11D3-BF4B-00C04F79EFBC}") = "inluppg6.5", "inluppg6.5\inluppg6.5.csproj", "{75F52F62-C711-4E8D-98E8-CA8BA12CE4EE}"
EndProject
Global
	GlobalSection(SolutionConfigurationPlatforms) = preSolution
		Debug|Any CPU = Debug|Any CPU
		Release|Any CPU = Release|Any CPU
	EndGlobalSection
	GlobalSection(ProjectConfigurationPlatforms) = postSolution
		{75F52F62-C711-4E8D-98E8-CA8BA12CE4EE}.Debug|Any CPU.ActiveCfg = Debug|Any CPU
		{75F52F62-C711-4E8D-98E8-CA8BA12CE4EE}.Debug|Any CPU.Build.0 = Debug|Any CPU
		{75F52F62-C711-4E8D-98E8-CA8BA12CE4EE}.Release|Any CPU.ActiveCfg = Release|Any CPU
		{75F52F62-C711-4E8D-98E8-CA8BA12CE4EE}.Release|Any CPU.Build.0 = Release|Any CPU
	EndGlobalSection
	GlobalSection(SolutionProperties) = preSolution
		HideSolutionNode = FALSE
	EndGlobalSection
	GlobalSection(ExtensibilityGlobals) = postSolution
		SolutionGuid = {81394103-3A6C-4428-9E8E-587A8AFA36F4}
	EndGlobalSection
EndGlobal
